
Microsoft Visual Studio Solution File, Format Version 12.00
# Visual Studio 15
VisualStudioVersion = 15.0.26124.0
MinimumVisualStudioVersion = 15.0.26124.0
Project("{2150E333-8FDC-42A3-9474-1A3956D46DE8}") = "src", "src", "{A8484391-FFBE-4D26-8CC2-108F303DFF16}"
EndProject
Project("{9A19103F-16F7-4668-BE54-9A1E7A4F7556}") = "IdentityServer", "src\IdentityServer\IdentityServer.csproj", "{01BD8136-5B52-4BCF-8EF1-D0E7DC4D3EC8}"
EndProject
Project("{9A19103F-16F7-4668-BE54-9A1E7A4F7556}") = "Api", "src\Api\Api.csproj", "{B7B50B77-0AF7-4498-90B1-EBD2A5E6F3C2}"
EndProject
Project("{9A19103F-16F7-4668-BE54-9A1E7A4F7556}") = "WebMvc", "WebMvc\WebMvc.csproj", "{9E9EBE34-CDED-4A5A-8EE1-B2F3DBD1C398}"
EndProject
Project("{FAE04EC0-301F-11D3-BF4B-00C04F79EFBC}") = "AuthLib", "AuthLib\AuthLib.csproj", "{F226AB82-9F55-4676-9F0D-A2A1199C4EDE}"
EndProject
Project("{FAE04EC0-301F-11D3-BF4B-00C04F79EFBC}") = "MyTestLib", "MyTestLib\MyTestLib.csproj", "{D3D4C0FA-2459-4CEB-A9EF-8BF6F56A97FE}"
EndProject
Project("{FAE04EC0-301F-11D3-BF4B-00C04F79EFBC}") = "MyFrameworkFourSeven", "MyFrameworkFourSeven\MyFrameworkFourSeven.csproj", "{EE12D7F3-2F94-49AE-A235-1A1DCCBB7F96}"
EndProject
Global
	GlobalSection(SolutionConfigurationPlatforms) = preSolution
		Debug|Any CPU = Debug|Any CPU
		Debug|x64 = Debug|x64
		Debug|x86 = Debug|x86
		Release|Any CPU = Release|Any CPU
		Release|x64 = Release|x64
		Release|x86 = Release|x86
	EndGlobalSection
	GlobalSection(ProjectConfigurationPlatforms) = postSolution
		{01BD8136-5B52-4BCF-8EF1-D0E7DC4D3EC8}.Debug|Any CPU.ActiveCfg = Debug|Any CPU
		{01BD8136-5B52-4BCF-8EF1-D0E7DC4D3EC8}.Debug|Any CPU.Build.0 = Debug|Any CPU
		{01BD8136-5B52-4BCF-8EF1-D0E7DC4D3EC8}.Debug|x64.ActiveCfg = Debug|Any CPU
		{01BD8136-5B52-4BCF-8EF1-D0E7DC4D3EC8}.Debug|x64.Build.0 = Debug|Any CPU
		{01BD8136-5B52-4BCF-8EF1-D0E7DC4D3EC8}.Debug|x86.ActiveCfg = Debug|Any CPU
		{01BD8136-5B52-4BCF-8EF1-D0E7DC4D3EC8}.Debug|x86.Build.0 = Debug|Any CPU
		{01BD8136-5B52-4BCF-8EF1-D0E7DC4D3EC8}.Release|Any CPU.ActiveCfg = Release|Any CPU
		{01BD8136-5B52-4BCF-8EF1-D0E7DC4D3EC8}.Release|Any CPU.Build.0 = Release|Any CPU
		{01BD8136-5B52-4BCF-8EF1-D0E7DC4D3EC8}.Release|x64.ActiveCfg = Release|Any CPU
		{01BD8136-5B52-4BCF-8EF1-D0E7DC4D3EC8}.Release|x64.Build.0 = Release|Any CPU
		{01BD8136-5B52-4BCF-8EF1-D0E7DC4D3EC8}.Release|x86.ActiveCfg = Release|Any CPU
		{01BD8136-5B52-4BCF-8EF1-D0E7DC4D3EC8}.Release|x86.Build.0 = Release|Any CPU
		{B7B50B77-0AF7-4498-90B1-EBD2A5E6F3C2}.Debug|Any CPU.ActiveCfg = Debug|Any CPU
		{B7B50B77-0AF7-4498-90B1-EBD2A5E6F3C2}.Debug|Any CPU.Build.0 = Debug|Any CPU
		{B7B50B77-0AF7-4498-90B1-EBD2A5E6F3C2}.Debug|x64.ActiveCfg = Debug|Any CPU
		{B7B50B77-0AF7-4498-90B1-EBD2A5E6F3C2}.Debug|x64.Build.0 = Debug|Any CPU
		{B7B50B77-0AF7-4498-90B1-EBD2A5E6F3C2}.Debug|x86.ActiveCfg = Debug|Any CPU
		{B7B50B77-0AF7-4498-90B1-EBD2A5E6F3C2}.Debug|x86.Build.0 = Debug|Any CPU
		{B7B50B77-0AF7-4498-90B1-EBD2A5E6F3C2}.Release|Any CPU.ActiveCfg = Release|Any CPU
		{B7B50B77-0AF7-4498-90B1-EBD2A5E6F3C2}.Release|Any CPU.Build.0 = Release|Any CPU
		{B7B50B77-0AF7-4498-90B1-EBD2A5E6F3C2}.Release|x64.ActiveCfg = Release|Any CPU
		{B7B50B77-0AF7-4498-90B1-EBD2A5E6F3C2}.Release|x64.Build.0 = Release|Any CPU
		{B7B50B77-0AF7-4498-90B1-EBD2A5E6F3C2}.Release|x86.ActiveCfg = Release|Any CPU
		{B7B50B77-0AF7-4498-90B1-EBD2A5E6F3C2}.Release|x86.Build.0 = Release|Any CPU
		{9E9EBE34-CDED-4A5A-8EE1-B2F3DBD1C398}.Debug|Any CPU.ActiveCfg = Debug|Any CPU
		{9E9EBE34-CDED-4A5A-8EE1-B2F3DBD1C398}.Debug|Any CPU.Build.0 = Debug|Any CPU
		{9E9EBE34-CDED-4A5A-8EE1-B2F3DBD1C398}.Debug|x64.ActiveCfg = Debug|Any CPU
		{9E9EBE34-CDED-4A5A-8EE1-B2F3DBD1C398}.Debug|x64.Build.0 = Debug|Any CPU
		{9E9EBE34-CDED-4A5A-8EE1-B2F3DBD1C398}.Debug|x86.ActiveCfg = Debug|Any CPU
		{9E9EBE34-CDED-4A5A-8EE1-B2F3DBD1C398}.Debug|x86.Build.0 = Debug|Any CPU
		{9E9EBE34-CDED-4A5A-8EE1-B2F3DBD1C398}.Release|Any CPU.ActiveCfg = Release|Any CPU
		{9E9EBE34-CDED-4A5A-8EE1-B2F3DBD1C398}.Release|Any CPU.Build.0 = Release|Any CPU
		{9E9EBE34-CDED-4A5A-8EE1-B2F3DBD1C398}.Release|x64.ActiveCfg = Release|Any CPU
		{9E9EBE34-CDED-4A5A-8EE1-B2F3DBD1C398}.Release|x64.Build.0 = Release|Any CPU
		{9E9EBE34-CDED-4A5A-8EE1-B2F3DBD1C398}.Release|x86.ActiveCfg = Release|Any CPU
		{9E9EBE34-CDED-4A5A-8EE1-B2F3DBD1C398}.Release|x86.Build.0 = Release|Any CPU
		{F226AB82-9F55-4676-9F0D-A2A1199C4EDE}.Debug|Any CPU.ActiveCfg = Debug|Any CPU
		{F226AB82-9F55-4676-9F0D-A2A1199C4EDE}.Debug|Any CPU.Build.0 = Debug|Any CPU
		{F226AB82-9F55-4676-9F0D-A2A1199C4EDE}.Debug|x64.ActiveCfg = Debug|Any CPU
		{F226AB82-9F55-4676-9F0D-A2A1199C4EDE}.Debug|x64.Build.0 = Debug|Any CPU
		{F226AB82-9F55-4676-9F0D-A2A1199C4EDE}.Debug|x86.ActiveCfg = Debug|Any CPU
		{F226AB82-9F55-4676-9F0D-A2A1199C4EDE}.Debug|x86.Build.0 = Debug|Any CPU
		{F226AB82-9F55-4676-9F0D-A2A1199C4EDE}.Release|Any CPU.ActiveCfg = Release|Any CPU
		{F226AB82-9F55-4676-9F0D-A2A1199C4EDE}.Release|Any CPU.Build.0 = Release|Any CPU
		{F226AB82-9F55-4676-9F0D-A2A1199C4EDE}.Release|x64.ActiveCfg = Release|Any CPU
		{F226AB82-9F55-4676-9F0D-A2A1199C4EDE}.Release|x64.Build.0 = Release|Any CPU
		{F226AB82-9F55-4676-9F0D-A2A1199C4EDE}.Release|x86.ActiveCfg = Release|Any CPU
		{F226AB82-9F55-4676-9F0D-A2A1199C4EDE}.Release|x86.Build.0 = Release|Any CPU
		{D3D4C0FA-2459-4CEB-A9EF-8BF6F56A97FE}.Debug|Any CPU.ActiveCfg = Debug|Any CPU
		{D3D4C0FA-2459-4CEB-A9EF-8BF6F56A97FE}.Debug|Any CPU.Build.0 = Debug|Any CPU
		{D3D4C0FA-2459-4CEB-A9EF-8BF6F56A97FE}.Debug|x64.ActiveCfg = Debug|Any CPU
		{D3D4C0FA-2459-4CEB-A9EF-8BF6F56A97FE}.Debug|x64.Build.0 = Debug|Any CPU
		{D3D4C0FA-2459-4CEB-A9EF-8BF6F56A97FE}.Debug|x86.ActiveCfg = Debug|Any CPU
		{D3D4C0FA-2459-4CEB-A9EF-8BF6F56A97FE}.Debug|x86.Build.0 = Debug|Any CPU
		{D3D4C0FA-2459-4CEB-A9EF-8BF6F56A97FE}.Release|Any CPU.ActiveCfg = Release|Any CPU
		{D3D4C0FA-2459-4CEB-A9EF-8BF6F56A97FE}.Release|Any CPU.Build.0 = Release|Any CPU
		{D3D4C0FA-2459-4CEB-A9EF-8BF6F56A97FE}.Release|x64.ActiveCfg = Release|Any CPU
		{D3D4C0FA-2459-4CEB-A9EF-8BF6F56A97FE}.Release|x64.Build.0 = Release|Any CPU
		{D3D4C0FA-2459-4CEB-A9EF-8BF6F56A97FE}.Release|x86.ActiveCfg = Release|Any CPU
		{D3D4C0FA-2459-4CEB-A9EF-8BF6F56A97FE}.Release|x86.Build.0 = Release|Any CPU
		{EE12D7F3-2F94-49AE-A235-1A1DCCBB7F96}.Debug|Any CPU.ActiveCfg = Debug|Any CPU
		{EE12D7F3-2F94-49AE-A235-1A1DCCBB7F96}.Debug|Any CPU.Build.0 = Debug|Any CPU
		{EE12D7F3-2F94-49AE-A235-1A1DCCBB7F96}.Debug|x64.ActiveCfg = Debug|Any CPU
		{EE12D7F3-2F94-49AE-A235-1A1DCCBB7F96}.Debug|x64.Build.0 = Debug|Any CPU
		{EE12D7F3-2F94-49AE-A235-1A1DCCBB7F96}.Debug|x86.ActiveCfg = Debug|Any CPU
		{EE12D7F3-2F94-49AE-A235-1A1DCCBB7F96}.Debug|x86.Build.0 = Debug|Any CPU
		{EE12D7F3-2F94-49AE-A235-1A1DCCBB7F96}.Release|Any CPU.ActiveCfg = Release|Any CPU
		{EE12D7F3-2F94-49AE-A235-1A1DCCBB7F96}.Release|Any CPU.Build.0 = Release|Any CPU
		{EE12D7F3-2F94-49AE-A235-1A1DCCBB7F96}.Release|x64.ActiveCfg = Release|Any CPU
		{EE12D7F3-2F94-49AE-A235-1A1DCCBB7F96}.Release|x64.Build.0 = Release|Any CPU
		{EE12D7F3-2F94-49AE-A235-1A1DCCBB7F96}.Release|x86.ActiveCfg = Release|Any CPU
		{EE12D7F3-2F94-49AE-A235-1A1DCCBB7F96}.Release|x86.Build.0 = Release|Any CPU
	EndGlobalSection
	GlobalSection(SolutionProperties) = preSolution
		HideSolutionNode = FALSE
	EndGlobalSection
	GlobalSection(NestedProjects) = preSolution
		{01BD8136-5B52-4BCF-8EF1-D0E7DC4D3EC8} = {A8484391-FFBE-4D26-8CC2-108F303DFF16}
		{B7B50B77-0AF7-4498-90B1-EBD2A5E6F3C2} = {A8484391-FFBE-4D26-8CC2-108F303DFF16}
		{9E9EBE34-CDED-4A5A-8EE1-B2F3DBD1C398} = {A8484391-FFBE-4D26-8CC2-108F303DFF16}
		{F226AB82-9F55-4676-9F0D-A2A1199C4EDE} = {A8484391-FFBE-4D26-8CC2-108F303DFF16}
		{D3D4C0FA-2459-4CEB-A9EF-8BF6F56A97FE} = {A8484391-FFBE-4D26-8CC2-108F303DFF16}
		{EE12D7F3-2F94-49AE-A235-1A1DCCBB7F96} = {A8484391-FFBE-4D26-8CC2-108F303DFF16}
	EndGlobalSection
	GlobalSection(ExtensibilityGlobals) = postSolution
		SolutionGuid = {412EE342-4249-4E7E-AC00-132244535AC1}
	EndGlobalSection
EndGlobal
